
Microsoft Visual Studio Solution File, Format Version 12.00
# Visual Studio 15
VisualStudioVersion = 15.0.26124.0
MinimumVisualStudioVersion = 15.0.26124.0
Project("{2150E333-8FDC-42A3-9474-1A3956D46DE8}") = "src", "src", "{75FA32CA-54CC-4ABE-B59A-AB1488DA6418}"
EndProject
Project("{FAE04EC0-301F-11D3-BF4B-00C04F79EFBC}") = "CodingMilitia.PlayBall.GroupManagement.Web", "src\CodingMilitia.PlayBall.GroupManagement.Web\CodingMilitia.PlayBall.GroupManagement.Web.csproj", "{D5D5A923-C2D2-4A39-A4B7-6DF5977F66E7}"
EndProject
Project("{FAE04EC0-301F-11D3-BF4B-00C04F79EFBC}") = "CodingMilitia.PlayBall.GroupManagement.Business", "src\CodingMilitia.PlayBall.GroupManagement.Business\CodingMilitia.PlayBall.GroupManagement.Business.csproj", "{28D0DC04-AE36-4DC9-9126-F5C0C91EAA16}"
EndProject
Project("{FAE04EC0-301F-11D3-BF4B-00C04F79EFBC}") = "CodingMilitia.PlayBall.GroupManagement.Business.Impl", "src\CodingMilitia.PlayBall.GroupManagement.Business.Impl\CodingMilitia.PlayBall.GroupManagement.Business.Impl.csproj", "{B46AD935-0616-432D-B472-808E45BE5878}"
EndProject
Global
	GlobalSection(SolutionConfigurationPlatforms) = preSolution
		Debug|Any CPU = Debug|Any CPU
		Debug|x64 = Debug|x64
		Debug|x86 = Debug|x86
		Release|Any CPU = Release|Any CPU
		Release|x64 = Release|x64
		Release|x86 = Release|x86
	EndGlobalSection
	GlobalSection(SolutionProperties) = preSolution
		HideSolutionNode = FALSE
	EndGlobalSection
	GlobalSection(ProjectConfigurationPlatforms) = postSolution
		{D5D5A923-C2D2-4A39-A4B7-6DF5977F66E7}.Debug|Any CPU.ActiveCfg = Debug|Any CPU
		{D5D5A923-C2D2-4A39-A4B7-6DF5977F66E7}.Debug|Any CPU.Build.0 = Debug|Any CPU
		{D5D5A923-C2D2-4A39-A4B7-6DF5977F66E7}.Debug|x64.ActiveCfg = Debug|Any CPU
		{D5D5A923-C2D2-4A39-A4B7-6DF5977F66E7}.Debug|x64.Build.0 = Debug|Any CPU
		{D5D5A923-C2D2-4A39-A4B7-6DF5977F66E7}.Debug|x86.ActiveCfg = Debug|Any CPU
		{D5D5A923-C2D2-4A39-A4B7-6DF5977F66E7}.Debug|x86.Build.0 = Debug|Any CPU
		{D5D5A923-C2D2-4A39-A4B7-6DF5977F66E7}.Release|Any CPU.ActiveCfg = Release|Any CPU
		{D5D5A923-C2D2-4A39-A4B7-6DF5977F66E7}.Release|Any CPU.Build.0 = Release|Any CPU
		{D5D5A923-C2D2-4A39-A4B7-6DF5977F66E7}.Release|x64.ActiveCfg = Release|Any CPU
		{D5D5A923-C2D2-4A39-A4B7-6DF5977F66E7}.Release|x64.Build.0 = Release|Any CPU
		{D5D5A923-C2D2-4A39-A4B7-6DF5977F66E7}.Release|x86.ActiveCfg = Release|Any CPU
		{D5D5A923-C2D2-4A39-A4B7-6DF5977F66E7}.Release|x86.Build.0 = Release|Any CPU
		{28D0DC04-AE36-4DC9-9126-F5C0C91EAA16}.Debug|Any CPU.ActiveCfg = Debug|Any CPU
		{28D0DC04-AE36-4DC9-9126-F5C0C91EAA16}.Debug|Any CPU.Build.0 = Debug|Any CPU
		{28D0DC04-AE36-4DC9-9126-F5C0C91EAA16}.Debug|x64.ActiveCfg = Debug|Any CPU
		{28D0DC04-AE36-4DC9-9126-F5C0C91EAA16}.Debug|x64.Build.0 = Debug|Any CPU
		{28D0DC04-AE36-4DC9-9126-F5C0C91EAA16}.Debug|x86.ActiveCfg = Debug|Any CPU
		{28D0DC04-AE36-4DC9-9126-F5C0C91EAA16}.Debug|x86.Build.0 = Debug|Any CPU
		{28D0DC04-AE36-4DC9-9126-F5C0C91EAA16}.Release|Any CPU.ActiveCfg = Release|Any CPU
		{28D0DC04-AE36-4DC9-9126-F5C0C91EAA16}.Release|Any CPU.Build.0 = Release|Any CPU
		{28D0DC04-AE36-4DC9-9126-F5C0C91EAA16}.Release|x64.ActiveCfg = Release|Any CPU
		{28D0DC04-AE36-4DC9-9126-F5C0C91EAA16}.Release|x64.Build.0 = Release|Any CPU
		{28D0DC04-AE36-4DC9-9126-F5C0C91EAA16}.Release|x86.ActiveCfg = Release|Any CPU
		{28D0DC04-AE36-4DC9-9126-F5C0C91EAA16}.Release|x86.Build.0 = Release|Any CPU
		{B46AD935-0616-432D-B472-808E45BE5878}.Debug|Any CPU.ActiveCfg = Debug|Any CPU
		{B46AD935-0616-432D-B472-808E45BE5878}.Debug|Any CPU.Build.0 = Debug|Any CPU
		{B46AD935-0616-432D-B472-808E45BE5878}.Debug|x64.ActiveCfg = Debug|Any CPU
		{B46AD935-0616-432D-B472-808E45BE5878}.Debug|x64.Build.0 = Debug|Any CPU
		{B46AD935-0616-432D-B472-808E45BE5878}.Debug|x86.ActiveCfg = Debug|Any CPU
		{B46AD935-0616-432D-B472-808E45BE5878}.Debug|x86.Build.0 = Debug|Any CPU
		{B46AD935-0616-432D-B472-808E45BE5878}.Release|Any CPU.ActiveCfg = Release|Any CPU
		{B46AD935-0616-432D-B472-808E45BE5878}.Release|Any CPU.Build.0 = Release|Any CPU
		{B46AD935-0616-432D-B472-808E45BE5878}.Release|x64.ActiveCfg = Release|Any CPU
		{B46AD935-0616-432D-B472-808E45BE5878}.Release|x64.Build.0 = Release|Any CPU
		{B46AD935-0616-432D-B472-808E45BE5878}.Release|x86.ActiveCfg = Release|Any CPU
		{B46AD935-0616-432D-B472-808E45BE5878}.Release|x86.Build.0 = Release|Any CPU
	EndGlobalSection
	GlobalSection(NestedProjects) = preSolution
		{D5D5A923-C2D2-4A39-A4B7-6DF5977F66E7} = {75FA32CA-54CC-4ABE-B59A-AB1488DA6418}
		{28D0DC04-AE36-4DC9-9126-F5C0C91EAA16} = {75FA32CA-54CC-4ABE-B59A-AB1488DA6418}
		{B46AD935-0616-432D-B472-808E45BE5878} = {75FA32CA-54CC-4ABE-B59A-AB1488DA6418}
	EndGlobalSection
EndGlobal
